
Microsoft Visual Studio Solution File, Format Version 12.00
# Visual Studio Version 17
VisualStudioVersion = 17.10.35122.118
MinimumVisualStudioVersion = 10.0.40219.1
Project("{FAE04EC0-301F-11D3-BF4B-00C04F79EFBC}") = "EjercicioExepciones", "EjercicioExepciones\EjercicioExepciones.csproj", "{37ED97C0-41DB-4890-A0CB-F0A06054EDE5}"
EndProject
Global
	GlobalSection(SolutionConfigurationPlatforms) = preSolution
		Debug|Any CPU = Debug|Any CPU
		Release|Any CPU = Release|Any CPU
	EndGlobalSection
	GlobalSection(ProjectConfigurationPlatforms) = postSolution
		{37ED97C0-41DB-4890-A0CB-F0A06054EDE5}.Debug|Any CPU.ActiveCfg = Debug|Any CPU
		{37ED97C0-41DB-4890-A0CB-F0A06054EDE5}.Debug|Any CPU.Build.0 = Debug|Any CPU
		{37ED97C0-41DB-4890-A0CB-F0A06054EDE5}.Release|Any CPU.ActiveCfg = Release|Any CPU
		{37ED97C0-41DB-4890-A0CB-F0A06054EDE5}.Release|Any CPU.Build.0 = Release|Any CPU
	EndGlobalSection
	GlobalSection(SolutionProperties) = preSolution
		HideSolutionNode = FALSE
	EndGlobalSection
	GlobalSection(ExtensibilityGlobals) = postSolution
		SolutionGuid = {6D1AAB0B-6C2D-406B-9604-4702F79E1401}
	EndGlobalSection
EndGlobal
